
Microsoft Visual Studio Solution File, Format Version 12.00
# Visual Studio 15
VisualStudioVersion = 15.0.27428.2015
MinimumVisualStudioVersion = 10.0.40219.1
Project("{FAE04EC0-301F-11D3-BF4B-00C04F79EFBC}") = "rectangleByStars", "rectangleByStars\rectangleByStars.csproj", "{F78A7D48-A7EC-4B88-8B49-4C3AC5E49D81}"
EndProject
Global
	GlobalSection(SolutionConfigurationPlatforms) = preSolution
		Debug|Any CPU = Debug|Any CPU
		Release|Any CPU = Release|Any CPU
	EndGlobalSection
	GlobalSection(ProjectConfigurationPlatforms) = postSolution
		{F78A7D48-A7EC-4B88-8B49-4C3AC5E49D81}.Debug|Any CPU.ActiveCfg = Debug|Any CPU
		{F78A7D48-A7EC-4B88-8B49-4C3AC5E49D81}.Debug|Any CPU.Build.0 = Debug|Any CPU
		{F78A7D48-A7EC-4B88-8B49-4C3AC5E49D81}.Release|Any CPU.ActiveCfg = Release|Any CPU
		{F78A7D48-A7EC-4B88-8B49-4C3AC5E49D81}.Release|Any CPU.Build.0 = Release|Any CPU
	EndGlobalSection
	GlobalSection(SolutionProperties) = preSolution
		HideSolutionNode = FALSE
	EndGlobalSection
	GlobalSection(ExtensibilityGlobals) = postSolution
		SolutionGuid = {ECF67ACC-3487-4C8B-9DCE-88E169138467}
	EndGlobalSection
EndGlobal
